{
  "version": 4,
  "terraform_version": "1.3.6",
  "serial": 10,
  "lineage": "e266bb48-d800-f1c4-b8e1-5adcd3301f10",
  "outputs": {},
  "resources": [
    {
      "mode": "managed",
      "type": "aws_vpc",
      "name": "vpc_01",
      "provider": "provider[\"registry.terraform.io/hashicorp/aws\"]",
      "instances": [
        {
          "schema_version": 1,
          "attributes": {
            "arn": "arn:aws:ec2:ap-northeast-1:889165067927:vpc/vpc-09eae5e40a12a6e15",
            "assign_generated_ipv6_cidr_block": false,
            "cidr_block": "194.20.30.0/24",
            "default_network_acl_id": "acl-09995931f18f92fd6",
            "default_route_table_id": "rtb-03e76ba98d44d2257",
            "default_security_group_id": "sg-046bd89fb2df10617",
            "dhcp_options_id": "dopt-04ec513bc9ddaf9b9",
            "enable_classiclink": false,
            "enable_classiclink_dns_support": false,
            "enable_dns_hostnames": false,
            "enable_dns_support": true,
            "enable_network_address_usage_metrics": false,
            "id": "vpc-09eae5e40a12a6e15",
            "instance_tenancy": "default",
            "ipv4_ipam_pool_id": null,
            "ipv4_netmask_length": null,
            "ipv6_association_id": "",
            "ipv6_cidr_block": "",
            "ipv6_cidr_block_network_border_group": "",
            "ipv6_ipam_pool_id": "",
            "ipv6_netmask_length": 0,
            "main_route_table_id": "rtb-03e76ba98d44d2257",
            "owner_id": "889165067927",
            "tags": {
              "Name": "vpc_01"
            },
            "tags_all": {
              "Name": "vpc_01"
            }
          },
          "sensitive_attributes": [],
          "private": "eyJzY2hlbWFfdmVyc2lvbiI6IjEifQ=="
        }
      ]
    },
    {
      "mode": "managed",
      "type": "aws_vpc",
      "name": "vpc_02",
      "provider": "provider[\"registry.terraform.io/hashicorp/aws\"].virginia",
      "instances": [
        {
          "schema_version": 1,
          "attributes": {
            "arn": "arn:aws:ec2:us-east-1:889165067927:vpc/vpc-0d15640be49bbddd6",
            "assign_generated_ipv6_cidr_block": false,
            "cidr_block": "194.20.30.0/24",
            "default_network_acl_id": "acl-0d16486921ffccc7b",
            "default_route_table_id": "rtb-0da706a59288c3321",
            "default_security_group_id": "sg-06efc74ab9c214de1",
            "dhcp_options_id": "dopt-072932c3923cdcacc",
            "enable_classiclink": false,
            "enable_classiclink_dns_support": false,
            "enable_dns_hostnames": false,
            "enable_dns_support": true,
            "enable_network_address_usage_metrics": false,
            "id": "vpc-0d15640be49bbddd6",
            "instance_tenancy": "default",
            "ipv4_ipam_pool_id": null,
            "ipv4_netmask_length": null,
            "ipv6_association_id": "",
            "ipv6_cidr_block": "",
            "ipv6_cidr_block_network_border_group": "",
            "ipv6_ipam_pool_id": "",
            "ipv6_netmask_length": 0,
            "main_route_table_id": "rtb-0da706a59288c3321",
            "owner_id": "889165067927",
            "tags": {
              "Name": "vpc_01"
            },
            "tags_all": {
              "Name": "vpc_01"
            }
          },
          "sensitive_attributes": [],
          "private": "eyJzY2hlbWFfdmVyc2lvbiI6IjEifQ=="
        }
      ]
    }
  ],
  "check_results": null
}
